# This file was autogenerated by Stack.
# You should not edit this file by hand.
# For more information, please see the documentation at:
#   https://docs.haskellstack.org/en/stable/lock_files

packages: []
snapshots:
- completed:
    size: 423618
    url: https://raw.githubusercontent.com/commercialhaskell/stackage-snapshots/master/lts/6/6.yaml
    sha256: 1b64bc28e5e7618dd0b88b3e8386581a0c07ce8ea71ae87225d4e58aefd5a900
  original: lts-6.6
